
Microsoft Visual Studio Solution File, Format Version 12.00
# Visual Studio 15
VisualStudioVersion = 15.0.28307.779
MinimumVisualStudioVersion = 10.0.40219.1
Project("{FAE04EC0-301F-11D3-BF4B-00C04F79EFBC}") = "Common.Input", "Common.Input\Common.Input.csproj", "{6FA50AE4-29C0-41DC-AE59-96199C0E20C6}"
EndProject
Project("{FAE04EC0-301F-11D3-BF4B-00C04F79EFBC}") = "Common.Cnc", "Common.Cnc\Common.Cnc.csproj", "{99C89BC5-8F22-4F72-AC91-A0A067296FEF}"
EndProject
Global
	GlobalSection(SolutionConfigurationPlatforms) = preSolution
		Debug|Any CPU = Debug|Any CPU
		Release|Any CPU = Release|Any CPU
	EndGlobalSection
	GlobalSection(ProjectConfigurationPlatforms) = postSolution
		{6FA50AE4-29C0-41DC-AE59-96199C0E20C6}.Debug|Any CPU.ActiveCfg = Debug|Any CPU
		{6FA50AE4-29C0-41DC-AE59-96199C0E20C6}.Debug|Any CPU.Build.0 = Debug|Any CPU
		{6FA50AE4-29C0-41DC-AE59-96199C0E20C6}.Release|Any CPU.ActiveCfg = Release|Any CPU
		{6FA50AE4-29C0-41DC-AE59-96199C0E20C6}.Release|Any CPU.Build.0 = Release|Any CPU
		{99C89BC5-8F22-4F72-AC91-A0A067296FEF}.Debug|Any CPU.ActiveCfg = Debug|Any CPU
		{99C89BC5-8F22-4F72-AC91-A0A067296FEF}.Debug|Any CPU.Build.0 = Debug|Any CPU
		{99C89BC5-8F22-4F72-AC91-A0A067296FEF}.Release|Any CPU.ActiveCfg = Release|Any CPU
		{99C89BC5-8F22-4F72-AC91-A0A067296FEF}.Release|Any CPU.Build.0 = Release|Any CPU
	EndGlobalSection
	GlobalSection(SolutionProperties) = preSolution
		HideSolutionNode = FALSE
	EndGlobalSection
	GlobalSection(ExtensibilityGlobals) = postSolution
		SolutionGuid = {2220EC25-0ADF-4A3E-B03C-CC7EAE5F874B}
	EndGlobalSection
EndGlobal
