<?xml version="1.0" encoding="utf-8"?>
<Project ToolsVersion="4.0" xmlns="http://schemas.microsoft.com/developer/msbuild/2003">
  <ItemGroup>
    <Filter Include="logging">
      <UniqueIdentifier>{e833b126-0ab2-45a1-ab0c-cff558aea342}</UniqueIdentifier>
    </Filter>
    <Filter Include="shaders">
      <UniqueIdentifier>{dc2c58fb-c191-4a7e-9855-c3d5b9a6f3c1}</UniqueIdentifier>
    </Filter>
    <Filter Include="strings">
      <UniqueIdentifier>{4509ff3d-1fa5-4372-8147-631f65fa93f0}</UniqueIdentifier>
    </Filter>
    <Filter Include="stb">
      <UniqueIdentifier>{dd3f72d1-b490-4431-85a6-b3303504849f}</UniqueIdentifier>
    </Filter>
    <Filter Include="data">
      <UniqueIdentifier>{a4739d81-9f17-4d1b-9d67-d358c56c2983}</UniqueIdentifier>
    </Filter>
    <Filter Include="text">
      <UniqueIdentifier>{9996c033-93dd-45a1-ad5e-ae985626bca7}</UniqueIdentifier>
    </Filter>
    <Filter Include="vertex">
      <UniqueIdentifier>{b324fae5-2daa-43c0-8762-d0ad84c89501}</UniqueIdentifier>
    </Filter>
  </ItemGroup>
  <ItemGroup>
    <ClInclude Include="logging\Logger.h">
      <Filter>logging</Filter>
    </ClInclude>
    <ClInclude Include="shaders\ShaderFactory.h">
      <Filter>shaders</Filter>
    </ClInclude>
    <ClInclude Include="strings\StringUtils.h">
      <Filter>strings</Filter>
    </ClInclude>
    <ClInclude Include="text\SentenceManager.h">
      <Filter>text</Filter>
    </ClInclude>
    <ClInclude Include="data\TextDataTypes.h">
      <Filter>data</Filter>
    </ClInclude>
    <ClInclude Include="vertex\VboBase.hpp">
      <Filter>vertex</Filter>
    </ClInclude>
    <ClInclude Include="vertex\PositionVbo.hpp">
      <Filter>vertex</Filter>
    </ClInclude>
    <ClInclude Include="vertex\ColorVbo.hpp">
      <Filter>vertex</Filter>
    </ClInclude>
    <ClInclude Include="vertex\UvVbo.hpp">
      <Filter>vertex</Filter>
    </ClInclude>
    <ClInclude Include="vertex\VboHelper.hpp">
      <Filter>vertex</Filter>
    </ClInclude>
  </ItemGroup>
  <ItemGroup>
    <ClCompile Include="logging\Logger.cpp">
      <Filter>logging</Filter>
    </ClCompile>
    <ClCompile Include="shaders\ShaderFactory.cpp">
      <Filter>shaders</Filter>
    </ClCompile>
    <ClCompile Include="strings\StringUtils.cpp">
      <Filter>strings</Filter>
    </ClCompile>
    <ClCompile Include="stb\stb_implementations.cpp">
      <Filter>stb</Filter>
    </ClCompile>
    <ClCompile Include="text\SentenceManager.cpp">
      <Filter>text</Filter>
    </ClCompile>
  </ItemGroup>
  <ItemGroup>
    <None Include="text\sentenceRender.fs">
      <Filter>text</Filter>
    </None>
    <None Include="text\sentenceRender.vs">
      <Filter>text</Filter>
    </None>
  </ItemGroup>
</Project>